{
  "name": "16-ts",
  "lockfileVersion": 3,
  "requires": true,
  "packages": {
    "": {
      "dependencies": {
        "ts-arithmetic": "^0.1.1"
      }
    },
    "node_modules/ts-arithmetic": {
      "version": "0.1.1",
      "resolved": "https://registry.npmjs.org/ts-arithmetic/-/ts-arithmetic-0.1.1.tgz",
      "integrity": "sha512-3VqgsRgzaYfj+zKWn+7O66ifHwbOOnT2BoOrHwdEUBz7az0DetoZOS20+juNJh1klgzvWEi2Qxden41pomOUAQ=="
    }
  }
}
